// !$*UTF8*$!
{
	archiveVersion = 1;
	classes = {
	};
	objectVersion = 54;
	objects = {

/* Begin PBXBuildFile section */
		00E356F31AD99517003FC87E /* BreakingBadTests.m in Sources */ = {isa = PBXBuildFile; fileRef = 00E356F21AD99517003FC87E /* BreakingBadTests.m */; };
		0294CDA0C5CE7C1A3E59DBA5 /* libPods-BreakingBad.a in Frameworks */ = {isa = PBXBuildFile; fileRef = 1C45050FB5DBE327AF5AEDD9 /* libPods-BreakingBad.a */; };
		13B07FBC1A68108700A75B9A /* AppDelegate.m in Sources */ = {isa = PBXBuildFile; fileRef = 13B07FB01A68108700A75B9A /* AppDelegate.m */; };
		13B07FBF1A68108700A75B9A /* Images.xcassets in Resources */ = {isa = PBXBuildFile; fileRef = 13B07FB51A68108700A75B9A /* Images.xcassets */; };
		13B07FC11A68108700A75B9A /* main.m in Sources */ = {isa = PBXBuildFile; fileRef = 13B07FB71A68108700A75B9A /* main.m */; };
		18FCB78E26A837680082BEF2 /* libCocoaAsyncSocket.a in Frameworks */ = {isa = PBXBuildFile; fileRef = 18FCB78D26A837680082BEF2 /* libCocoaAsyncSocket.a */; };
		18FCB79026A837680082BEF2 /* libDoubleConversion.a in Frameworks */ = {isa = PBXBuildFile; fileRef = 18FCB78F26A837680082BEF2 /* libDoubleConversion.a */; };
		18FCB79226A837680082BEF2 /* libFBReactNativeSpec.a in Frameworks */ = {isa = PBXBuildFile; fileRef = 18FCB79126A837680082BEF2 /* libFBReactNativeSpec.a */; };
		18FCB79426A837680082BEF2 /* libFlipper-DoubleConversion.a in Frameworks */ = {isa = PBXBuildFile; fileRef = 18FCB79326A837680082BEF2 /* libFlipper-DoubleConversion.a */; };
		18FCB79626A837680082BEF2 /* libFlipper-Folly.a in Frameworks */ = {isa = PBXBuildFile; fileRef = 18FCB79526A837680082BEF2 /* libFlipper-Folly.a */; };
		18FCB79826A837680082BEF2 /* libFlipper-Glog.a in Frameworks */ = {isa = PBXBuildFile; fileRef = 18FCB79726A837680082BEF2 /* libFlipper-Glog.a */; };
		18FCB79A26A837680082BEF2 /* libFlipper-PeerTalk.a in Frameworks */ = {isa = PBXBuildFile; fileRef = 18FCB79926A837680082BEF2 /* libFlipper-PeerTalk.a */; };
		18FCB79C26A837680082BEF2 /* libFlipper-RSocket.a in Frameworks */ = {isa = PBXBuildFile; fileRef = 18FCB79B26A837680082BEF2 /* libFlipper-RSocket.a */; };
		18FCB79E26A837680082BEF2 /* libFlipper.a in Frameworks */ = {isa = PBXBuildFile; fileRef = 18FCB79D26A837680082BEF2 /* libFlipper.a */; };
		18FCB7A026A837680082BEF2 /* libFlipperKit.a in Frameworks */ = {isa = PBXBuildFile; fileRef = 18FCB79F26A837680082BEF2 /* libFlipperKit.a */; };
		18FCB7A226A837680082BEF2 /* libglog.a in Frameworks */ = {isa = PBXBuildFile; fileRef = 18FCB7A126A837680082BEF2 /* libglog.a */; };
		18FCB7A426A837680082BEF2 /* liblibevent.a in Frameworks */ = {isa = PBXBuildFile; fileRef = 18FCB7A326A837680082BEF2 /* liblibevent.a */; };
		18FCB7A826A837680082BEF2 /* libPods-BreakingBad.a in Frameworks */ = {isa = PBXBuildFile; fileRef = 18FCB7A726A837680082BEF2 /* libPods-BreakingBad.a */; };
		18FCB7AA26A837680082BEF2 /* libRCT-Folly.a in Frameworks */ = {isa = PBXBuildFile; fileRef = 18FCB7A926A837680082BEF2 /* libRCT-Folly.a */; };
		18FCB7AC26A837680082BEF2 /* libRCTTypeSafety.a in Frameworks */ = {isa = PBXBuildFile; fileRef = 18FCB7AB26A837680082BEF2 /* libRCTTypeSafety.a */; };
		18FCB7AE26A837680082BEF2 /* libReact-Core.a in Frameworks */ = {isa = PBXBuildFile; fileRef = 18FCB7AD26A837680082BEF2 /* libReact-Core.a */; };
		18FCB7B026A837680082BEF2 /* libReact-CoreModules.a in Frameworks */ = {isa = PBXBuildFile; fileRef = 18FCB7AF26A837680082BEF2 /* libReact-CoreModules.a */; };
		18FCB7B226A837680082BEF2 /* libReact-cxxreact.a in Frameworks */ = {isa = PBXBuildFile; fileRef = 18FCB7B126A837680082BEF2 /* libReact-cxxreact.a */; };
		18FCB7B426A837680082BEF2 /* libReact-jsi.a in Frameworks */ = {isa = PBXBuildFile; fileRef = 18FCB7B326A837680082BEF2 /* libReact-jsi.a */; };
		18FCB7B626A837680082BEF2 /* libReact-jsiexecutor.a in Frameworks */ = {isa = PBXBuildFile; fileRef = 18FCB7B526A837680082BEF2 /* libReact-jsiexecutor.a */; };
		18FCB7B826A837680082BEF2 /* libReact-jsinspector.a in Frameworks */ = {isa = PBXBuildFile; fileRef = 18FCB7B726A837680082BEF2 /* libReact-jsinspector.a */; };
		18FCB7BA26A837680082BEF2 /* libreact-native-safe-area-context.a in Frameworks */ = {isa = PBXBuildFile; fileRef = 18FCB7B926A837680082BEF2 /* libreact-native-safe-area-context.a */; };
		18FCB7BC26A837680082BEF2 /* libReact-perflogger.a in Frameworks */ = {isa = PBXBuildFile; fileRef = 18FCB7BB26A837680082BEF2 /* libReact-perflogger.a */; };
		18FCB7BE26A837680082BEF2 /* libReact-RCTAnimation.a in Frameworks */ = {isa = PBXBuildFile; fileRef = 18FCB7BD26A837680082BEF2 /* libReact-RCTAnimation.a */; };
		18FCB7C026A837680082BEF2 /* libReact-RCTBlob.a in Frameworks */ = {isa = PBXBuildFile; fileRef = 18FCB7BF26A837680082BEF2 /* libReact-RCTBlob.a */; };
		18FCB7C226A837680082BEF2 /* libReact-RCTImage.a in Frameworks */ = {isa = PBXBuildFile; fileRef = 18FCB7C126A837680082BEF2 /* libReact-RCTImage.a */; };
		18FCB7C426A837680082BEF2 /* libReact-RCTLinking.a in Frameworks */ = {isa = PBXBuildFile; fileRef = 18FCB7C326A837680082BEF2 /* libReact-RCTLinking.a */; };
		18FCB7C626A837680082BEF2 /* libReact-RCTNetwork.a in Frameworks */ = {isa = PBXBuildFile; fileRef = 18FCB7C526A837680082BEF2 /* libReact-RCTNetwork.a */; };
		18FCB7C826A837680082BEF2 /* libReact-RCTSettings.a in Frameworks */ = {isa = PBXBuildFile; fileRef = 18FCB7C726A837680082BEF2 /* libReact-RCTSettings.a */; };
		18FCB7CA26A837680082BEF2 /* libReact-RCTText.a in Frameworks */ = {isa = PBXBuildFile; fileRef = 18FCB7C926A837680082BEF2 /* libReact-RCTText.a */; };
		18FCB7CC26A837680082BEF2 /* libReact-RCTVibration.a in Frameworks */ = {isa = PBXBuildFile; fileRef = 18FCB7CB26A837680082BEF2 /* libReact-RCTVibration.a */; };
		18FCB7CE26A837680082BEF2 /* libReactCommon.a in Frameworks */ = {isa = PBXBuildFile; fileRef = 18FCB7CD26A837680082BEF2 /* libReactCommon.a */; };
		18FCB7D026A837680082BEF2 /* libRNCAsyncStorage.a in Frameworks */ = {isa = PBXBuildFile; fileRef = 18FCB7CF26A837680082BEF2 /* libRNCAsyncStorage.a */; };
		18FCB7D226A837680082BEF2 /* libRNCMaskedView.a in Frameworks */ = {isa = PBXBuildFile; fileRef = 18FCB7D126A837680082BEF2 /* libRNCMaskedView.a */; };
		18FCB7D426A837680082BEF2 /* libRNGestureHandler.a in Frameworks */ = {isa = PBXBuildFile; fileRef = 18FCB7D326A837680082BEF2 /* libRNGestureHandler.a */; };
		18FCB7D626A837680082BEF2 /* libRNReanimated.a in Frameworks */ = {isa = PBXBuildFile; fileRef = 18FCB7D526A837680082BEF2 /* libRNReanimated.a */; };
		18FCB7D826A837680082BEF2 /* libRNScreens.a in Frameworks */ = {isa = PBXBuildFile; fileRef = 18FCB7D726A837680082BEF2 /* libRNScreens.a */; };
		18FCB7DA26A837680082BEF2 /* libRNVectorIcons.a in Frameworks */ = {isa = PBXBuildFile; fileRef = 18FCB7D926A837680082BEF2 /* libRNVectorIcons.a */; };
		18FCB7DC26A837680082BEF2 /* libYoga.a in Frameworks */ = {isa = PBXBuildFile; fileRef = 18FCB7DB26A837680082BEF2 /* libYoga.a */; };
		18FCB7DE26A837680082BEF2 /* libYogaKit.a in Frameworks */ = {isa = PBXBuildFile; fileRef = 18FCB7DD26A837680082BEF2 /* libYogaKit.a */; };
		6F29DFE61510E1E3E20A0E8E /* libPods-BreakingBad-BreakingBadTests.a in Frameworks */ = {isa = PBXBuildFile; fileRef = 93ACE55D20C2B24899364FE1 /* libPods-BreakingBad-BreakingBadTests.a */; };
		81AB9BB82411601600AC10FF /* LaunchScreen.storyboard in Resources */ = {isa = PBXBuildFile; fileRef = 81AB9BB72411601600AC10FF /* LaunchScreen.storyboard */; };
		D7D647AF20B6489B8B4712AB /* Roboto-Black.ttf in Resources */ = {isa = PBXBuildFile; fileRef = 5045EC738E644CF99BCCB650 /* Roboto-Black.ttf */; };
		2B62C44C62204B0C8E4CFF09 /* Roboto-BlackItalic.ttf in Resources */ = {isa = PBXBuildFile; fileRef = 348580C8A0A74D7A84AE94EB /* Roboto-BlackItalic.ttf */; };
		964A8CC5C49E4E79AC54E8B0 /* Roboto-Bold.ttf in Resources */ = {isa = PBXBuildFile; fileRef = 329544ADB78949D1B7E8AA78 /* Roboto-Bold.ttf */; };
		54D0AD82A61C48148306E7D5 /* Roboto-BoldItalic.ttf in Resources */ = {isa = PBXBuildFile; fileRef = FBE1956CCA0C44C8A85964FF /* Roboto-BoldItalic.ttf */; };
		9F971BA8DD2244CAA8D0686E /* Roboto-Italic.ttf in Resources */ = {isa = PBXBuildFile; fileRef = 4B6564A0F5D043D6B020F9D7 /* Roboto-Italic.ttf */; };
		46863F05FB9C41639FB82D30 /* Roboto-Light.ttf in Resources */ = {isa = PBXBuildFile; fileRef = D64D6F51D5314CDC9535D7EA /* Roboto-Light.ttf */; };
		C1DF6C65553D4B1C9E1FCDDA /* Roboto-LightItalic.ttf in Resources */ = {isa = PBXBuildFile; fileRef = 3F0A6FBCDBE8442AABFD9CD9 /* Roboto-LightItalic.ttf */; };
		F24CE58494A8413AA6482644 /* Roboto-Medium.ttf in Resources */ = {isa = PBXBuildFile; fileRef = F2E35B1AF6614E94A610EA03 /* Roboto-Medium.ttf */; };
		35637A2FBB4C4749A28F679D /* Roboto-MediumItalic.ttf in Resources */ = {isa = PBXBuildFile; fileRef = F1162FA79A3648CCA348A94A /* Roboto-MediumItalic.ttf */; };
		AFB38774E4224C15ABFCC672 /* Roboto-Regular.ttf in Resources */ = {isa = PBXBuildFile; fileRef = 448D67BCDE2248B987C3BA1C /* Roboto-Regular.ttf */; };
		042E199B0F2B4794A29EB0D3 /* Roboto-Thin.ttf in Resources */ = {isa = PBXBuildFile; fileRef = D603CDE3C45D45B6976A162A /* Roboto-Thin.ttf */; };
		206AC3FF8D1E47CBB6FC95FD /* Roboto-ThinItalic.ttf in Resources */ = {isa = PBXBuildFile; fileRef = 2FBA12EFEF204F599AA5F327 /* Roboto-ThinItalic.ttf */; };
/* End PBXBuildFile section */

/* Begin PBXContainerItemProxy section */
		00E356F41AD99517003FC87E /* PBXContainerItemProxy */ = {
			isa = PBXContainerItemProxy;
			containerPortal = 83CBB9F71A601CBA00E9B192 /* Project object */;
			proxyType = 1;
			remoteGlobalIDString = 13B07F861A680F5B00A75B9A;
			remoteInfo = BreakingBad;
		};
/* End PBXContainerItemProxy section */

/* Begin PBXFileReference section */
		00E356EE1AD99517003FC87E /* BreakingBadTests.xctest */ = {isa = PBXFileReference; explicitFileType = wrapper.cfbundle; includeInIndex = 0; path = BreakingBadTests.xctest; sourceTree = BUILT_PRODUCTS_DIR; };
		00E356F11AD99517003FC87E /* Info.plist */ = {isa = PBXFileReference; lastKnownFileType = text.plist.xml; path = Info.plist; sourceTree = "<group>"; };
		00E356F21AD99517003FC87E /* BreakingBadTests.m */ = {isa = PBXFileReference; lastKnownFileType = sourcecode.c.objc; path = BreakingBadTests.m; sourceTree = "<group>"; };
		0AB8262CC9A7440B9DFB7A5B /* SimpleLineIcons.ttf */ = {isa = PBXFileReference; explicitFileType = undefined; fileEncoding = 9; includeInIndex = 0; lastKnownFileType = unknown; name = SimpleLineIcons.ttf; path = "../node_modules/react-native-vector-icons/Fonts/SimpleLineIcons.ttf"; sourceTree = "<group>"; };
		0E5BC342D0FBDD32AA3CD283 /* Pods-BreakingBad.release.xcconfig */ = {isa = PBXFileReference; includeInIndex = 1; lastKnownFileType = text.xcconfig; name = "Pods-BreakingBad.release.xcconfig"; path = "Target Support Files/Pods-BreakingBad/Pods-BreakingBad.release.xcconfig"; sourceTree = "<group>"; };
		136BD237F1FA441395E900B1 /* FontAwesome5_Solid.ttf */ = {isa = PBXFileReference; explicitFileType = undefined; fileEncoding = 9; includeInIndex = 0; lastKnownFileType = unknown; name = FontAwesome5_Solid.ttf; path = "../node_modules/react-native-vector-icons/Fonts/FontAwesome5_Solid.ttf"; sourceTree = "<group>"; };
		13B07F961A680F5B00A75B9A /* BreakingBad.app */ = {isa = PBXFileReference; explicitFileType = wrapper.application; includeInIndex = 0; path = BreakingBad.app; sourceTree = BUILT_PRODUCTS_DIR; };
		13B07FAF1A68108700A75B9A /* AppDelegate.h */ = {isa = PBXFileReference; fileEncoding = 4; lastKnownFileType = sourcecode.c.h; name = AppDelegate.h; path = BreakingBad/AppDelegate.h; sourceTree = "<group>"; };
		13B07FB01A68108700A75B9A /* AppDelegate.m */ = {isa = PBXFileReference; fileEncoding = 4; lastKnownFileType = sourcecode.c.objc; name = AppDelegate.m; path = BreakingBad/AppDelegate.m; sourceTree = "<group>"; };
		13B07FB51A68108700A75B9A /* Images.xcassets */ = {isa = PBXFileReference; lastKnownFileType = folder.assetcatalog; name = Images.xcassets; path = BreakingBad/Images.xcassets; sourceTree = "<group>"; };
		13B07FB61A68108700A75B9A /* Info.plist */ = {isa = PBXFileReference; fileEncoding = 4; lastKnownFileType = text.plist.xml; name = Info.plist; path = BreakingBad/Info.plist; sourceTree = "<group>"; };
		13B07FB71A68108700A75B9A /* main.m */ = {isa = PBXFileReference; fileEncoding = 4; lastKnownFileType = sourcecode.c.objc; name = main.m; path = BreakingBad/main.m; sourceTree = "<group>"; };
		18FCB6D826A6DC330082BEF2 /* Fontisto.ttf */ = {isa = PBXFileReference; lastKnownFileType = file; path = Fontisto.ttf; sourceTree = "<group>"; };
		18FCB6D926A6DC330082BEF2 /* Foundation.ttf */ = {isa = PBXFileReference; lastKnownFileType = file; path = Foundation.ttf; sourceTree = "<group>"; };
		18FCB6DA26A6DC330082BEF2 /* FontAwesome5_Regular.ttf */ = {isa = PBXFileReference; lastKnownFileType = file; path = FontAwesome5_Regular.ttf; sourceTree = "<group>"; };
		18FCB6DB26A6DC340082BEF2 /* Zocial.ttf */ = {isa = PBXFileReference; lastKnownFileType = file; path = Zocial.ttf; sourceTree = "<group>"; };
		18FCB6DC26A6DC340082BEF2 /* EvilIcons.ttf */ = {isa = PBXFileReference; lastKnownFileType = file; path = EvilIcons.ttf; sourceTree = "<group>"; };
		18FCB6DD26A6DC340082BEF2 /* Ionicons.ttf */ = {isa = PBXFileReference; lastKnownFileType = file; path = Ionicons.ttf; sourceTree = "<group>"; };
		18FCB6DE26A6DC340082BEF2 /* Entypo.ttf */ = {isa = PBXFileReference; lastKnownFileType = file; path = Entypo.ttf; sourceTree = "<group>"; };
		18FCB6DF26A6DC340082BEF2 /* Feather.ttf */ = {isa = PBXFileReference; lastKnownFileType = file; path = Feather.ttf; sourceTree = "<group>"; };
		18FCB6E026A6DC340082BEF2 /* AntDesign.ttf */ = {isa = PBXFileReference; lastKnownFileType = file; path = AntDesign.ttf; sourceTree = "<group>"; };
		18FCB6E126A6DC340082BEF2 /* FontAwesome.ttf */ = {isa = PBXFileReference; lastKnownFileType = file; path = FontAwesome.ttf; sourceTree = "<group>"; };
		18FCB6E226A6DC340082BEF2 /* MaterialCommunityIcons.ttf */ = {isa = PBXFileReference; lastKnownFileType = file; path = MaterialCommunityIcons.ttf; sourceTree = "<group>"; };
		18FCB6E326A6DC340082BEF2 /* FontAwesome5_Solid.ttf */ = {isa = PBXFileReference; lastKnownFileType = file; path = FontAwesome5_Solid.ttf; sourceTree = "<group>"; };
		18FCB6E426A6DC340082BEF2 /* MaterialIcons.ttf */ = {isa = PBXFileReference; lastKnownFileType = file; path = MaterialIcons.ttf; sourceTree = "<group>"; };
		18FCB6E526A6DC340082BEF2 /* Octicons.ttf */ = {isa = PBXFileReference; lastKnownFileType = file; path = Octicons.ttf; sourceTree = "<group>"; };
		18FCB6E626A6DC340082BEF2 /* FontAwesome5_Brands.ttf */ = {isa = PBXFileReference; lastKnownFileType = file; path = FontAwesome5_Brands.ttf; sourceTree = "<group>"; };
		18FCB6E726A6DC340082BEF2 /* SimpleLineIcons.ttf */ = {isa = PBXFileReference; lastKnownFileType = file; path = SimpleLineIcons.ttf; sourceTree = "<group>"; };
		18FCB71F26A7E0EA0082BEF2 /* Roboto-Medium.ttf */ = {isa = PBXFileReference; lastKnownFileType = file; path = "Roboto-Medium.ttf"; sourceTree = "<group>"; };
		18FCB72026A7E0EA0082BEF2 /* Roboto-Light.ttf */ = {isa = PBXFileReference; lastKnownFileType = file; path = "Roboto-Light.ttf"; sourceTree = "<group>"; };
		18FCB72126A7E0EA0082BEF2 /* Roboto-Thin.ttf */ = {isa = PBXFileReference; lastKnownFileType = file; path = "Roboto-Thin.ttf"; sourceTree = "<group>"; };
		18FCB72226A7E0EA0082BEF2 /* Roboto-Bold.ttf */ = {isa = PBXFileReference; lastKnownFileType = file; path = "Roboto-Bold.ttf"; sourceTree = "<group>"; };
		18FCB78D26A837680082BEF2 /* libCocoaAsyncSocket.a */ = {isa = PBXFileReference; explicitFileType = archive.ar; path = libCocoaAsyncSocket.a; sourceTree = BUILT_PRODUCTS_DIR; };
		18FCB78F26A837680082BEF2 /* libDoubleConversion.a */ = {isa = PBXFileReference; explicitFileType = archive.ar; path = libDoubleConversion.a; sourceTree = BUILT_PRODUCTS_DIR; };
		18FCB79126A837680082BEF2 /* libFBReactNativeSpec.a */ = {isa = PBXFileReference; explicitFileType = archive.ar; path = libFBReactNativeSpec.a; sourceTree = BUILT_PRODUCTS_DIR; };
		18FCB79326A837680082BEF2 /* libFlipper-DoubleConversion.a */ = {isa = PBXFileReference; explicitFileType = archive.ar; path = "libFlipper-DoubleConversion.a"; sourceTree = BUILT_PRODUCTS_DIR; };
		18FCB79526A837680082BEF2 /* libFlipper-Folly.a */ = {isa = PBXFileReference; explicitFileType = archive.ar; path = "libFlipper-Folly.a"; sourceTree = BUILT_PRODUCTS_DIR; };
		18FCB79726A837680082BEF2 /* libFlipper-Glog.a */ = {isa = PBXFileReference; explicitFileType = archive.ar; path = "libFlipper-Glog.a"; sourceTree = BUILT_PRODUCTS_DIR; };
		18FCB79926A837680082BEF2 /* libFlipper-PeerTalk.a */ = {isa = PBXFileReference; explicitFileType = archive.ar; path = "libFlipper-PeerTalk.a"; sourceTree = BUILT_PRODUCTS_DIR; };
		18FCB79B26A837680082BEF2 /* libFlipper-RSocket.a */ = {isa = PBXFileReference; explicitFileType = archive.ar; path = "libFlipper-RSocket.a"; sourceTree = BUILT_PRODUCTS_DIR; };
		18FCB79D26A837680082BEF2 /* libFlipper.a */ = {isa = PBXFileReference; explicitFileType = archive.ar; path = libFlipper.a; sourceTree = BUILT_PRODUCTS_DIR; };
		18FCB79F26A837680082BEF2 /* libFlipperKit.a */ = {isa = PBXFileReference; explicitFileType = archive.ar; path = libFlipperKit.a; sourceTree = BUILT_PRODUCTS_DIR; };
		18FCB7A126A837680082BEF2 /* libglog.a */ = {isa = PBXFileReference; explicitFileType = archive.ar; path = libglog.a; sourceTree = BUILT_PRODUCTS_DIR; };
		18FCB7A326A837680082BEF2 /* liblibevent.a */ = {isa = PBXFileReference; explicitFileType = archive.ar; path = liblibevent.a; sourceTree = BUILT_PRODUCTS_DIR; };
		18FCB7A726A837680082BEF2 /* libPods-BreakingBad.a */ = {isa = PBXFileReference; explicitFileType = archive.ar; path = "libPods-BreakingBad.a"; sourceTree = BUILT_PRODUCTS_DIR; };
		18FCB7A926A837680082BEF2 /* libRCT-Folly.a */ = {isa = PBXFileReference; explicitFileType = archive.ar; path = "libRCT-Folly.a"; sourceTree = BUILT_PRODUCTS_DIR; };
		18FCB7AB26A837680082BEF2 /* libRCTTypeSafety.a */ = {isa = PBXFileReference; explicitFileType = archive.ar; path = libRCTTypeSafety.a; sourceTree = BUILT_PRODUCTS_DIR; };
		18FCB7AD26A837680082BEF2 /* libReact-Core.a */ = {isa = PBXFileReference; explicitFileType = archive.ar; path = "libReact-Core.a"; sourceTree = BUILT_PRODUCTS_DIR; };
		18FCB7AF26A837680082BEF2 /* libReact-CoreModules.a */ = {isa = PBXFileReference; explicitFileType = archive.ar; path = "libReact-CoreModules.a"; sourceTree = BUILT_PRODUCTS_DIR; };
		18FCB7B126A837680082BEF2 /* libReact-cxxreact.a */ = {isa = PBXFileReference; explicitFileType = archive.ar; path = "libReact-cxxreact.a"; sourceTree = BUILT_PRODUCTS_DIR; };
		18FCB7B326A837680082BEF2 /* libReact-jsi.a */ = {isa = PBXFileReference; explicitFileType = archive.ar; path = "libReact-jsi.a"; sourceTree = BUILT_PRODUCTS_DIR; };
		18FCB7B526A837680082BEF2 /* libReact-jsiexecutor.a */ = {isa = PBXFileReference; explicitFileType = archive.ar; path = "libReact-jsiexecutor.a"; sourceTree = BUILT_PRODUCTS_DIR; };
		18FCB7B726A837680082BEF2 /* libReact-jsinspector.a */ = {isa = PBXFileReference; explicitFileType = archive.ar; path = "libReact-jsinspector.a"; sourceTree = BUILT_PRODUCTS_DIR; };
		18FCB7B926A837680082BEF2 /* libreact-native-safe-area-context.a */ = {isa = PBXFileReference; explicitFileType = archive.ar; path = "libreact-native-safe-area-context.a"; sourceTree = BUILT_PRODUCTS_DIR; };
		18FCB7BB26A837680082BEF2 /* libReact-perflogger.a */ = {isa = PBXFileReference; explicitFileType = archive.ar; path = "libReact-perflogger.a"; sourceTree = BUILT_PRODUCTS_DIR; };
		18FCB7BD26A837680082BEF2 /* libReact-RCTAnimation.a */ = {isa = PBXFileReference; explicitFileType = archive.ar; path = "libReact-RCTAnimation.a"; sourceTree = BUILT_PRODUCTS_DIR; };
		18FCB7BF26A837680082BEF2 /* libReact-RCTBlob.a */ = {isa = PBXFileReference; explicitFileType = archive.ar; path = "libReact-RCTBlob.a"; sourceTree = BUILT_PRODUCTS_DIR; };
		18FCB7C126A837680082BEF2 /* libReact-RCTImage.a */ = {isa = PBXFileReference; explicitFileType = archive.ar; path = "libReact-RCTImage.a"; sourceTree = BUILT_PRODUCTS_DIR; };
		18FCB7C326A837680082BEF2 /* libReact-RCTLinking.a */ = {isa = PBXFileReference; explicitFileType = archive.ar; path = "libReact-RCTLinking.a"; sourceTree = BUILT_PRODUCTS_DIR; };
		18FCB7C526A837680082BEF2 /* libReact-RCTNetwork.a */ = {isa = PBXFileReference; explicitFileType = archive.ar; path = "libReact-RCTNetwork.a"; sourceTree = BUILT_PRODUCTS_DIR; };
		18FCB7C726A837680082BEF2 /* libReact-RCTSettings.a */ = {isa = PBXFileReference; explicitFileType = archive.ar; path = "libReact-RCTSettings.a"; sourceTree = BUILT_PRODUCTS_DIR; };
		18FCB7C926A837680082BEF2 /* libReact-RCTText.a */ = {isa = PBXFileReference; explicitFileType = archive.ar; path = "libReact-RCTText.a"; sourceTree = BUILT_PRODUCTS_DIR; };
		18FCB7CB26A837680082BEF2 /* libReact-RCTVibration.a */ = {isa = PBXFileReference; explicitFileType = archive.ar; path = "libReact-RCTVibration.a"; sourceTree = BUILT_PRODUCTS_DIR; };
		18FCB7CD26A837680082BEF2 /* libReactCommon.a */ = {isa = PBXFileReference; explicitFileType = archive.ar; path = libReactCommon.a; sourceTree = BUILT_PRODUCTS_DIR; };
		18FCB7CF26A837680082BEF2 /* libRNCAsyncStorage.a */ = {isa = PBXFileReference; explicitFileType = archive.ar; path = libRNCAsyncStorage.a; sourceTree = BUILT_PRODUCTS_DIR; };
		18FCB7D126A837680082BEF2 /* libRNCMaskedView.a */ = {isa = PBXFileReference; explicitFileType = archive.ar; path = libRNCMaskedView.a; sourceTree = BUILT_PRODUCTS_DIR; };
		18FCB7D326A837680082BEF2 /* libRNGestureHandler.a */ = {isa = PBXFileReference; explicitFileType = archive.ar; path = libRNGestureHandler.a; sourceTree = BUILT_PRODUCTS_DIR; };
		18FCB7D526A837680082BEF2 /* libRNReanimated.a */ = {isa = PBXFileReference; explicitFileType = archive.ar; path = libRNReanimated.a; sourceTree = BUILT_PRODUCTS_DIR; };
		18FCB7D726A837680082BEF2 /* libRNScreens.a */ = {isa = PBXFileReference; explicitFileType = archive.ar; path = libRNScreens.a; sourceTree = BUILT_PRODUCTS_DIR; };
		18FCB7D926A837680082BEF2 /* libRNVectorIcons.a */ = {isa = PBXFileReference; explicitFileType = archive.ar; path = libRNVectorIcons.a; sourceTree = BUILT_PRODUCTS_DIR; };
		18FCB7DB26A837680082BEF2 /* libYoga.a */ = {isa = PBXFileReference; explicitFileType = archive.ar; path = libYoga.a; sourceTree = BUILT_PRODUCTS_DIR; };
		18FCB7DD26A837680082BEF2 /* libYogaKit.a */ = {isa = PBXFileReference; explicitFileType = archive.ar; path = libYogaKit.a; sourceTree = BUILT_PRODUCTS_DIR; };
		18FCB84726A8428A0082BEF2 /* Roboto-Black.ttf */ = {isa = PBXFileReference; lastKnownFileType = file; path = "Roboto-Black.ttf"; sourceTree = "<group>"; };
		18FCB84826A8428A0082BEF2 /* Roboto-Thin.ttf */ = {isa = PBXFileReference; lastKnownFileType = file; path = "Roboto-Thin.ttf"; sourceTree = "<group>"; };
		18FCB84926A8428A0082BEF2 /* Roboto-Light.ttf */ = {isa = PBXFileReference; lastKnownFileType = file; path = "Roboto-Light.ttf"; sourceTree = "<group>"; };
		18FCB84A26A8428A0082BEF2 /* Roboto-BlackItalic.ttf */ = {isa = PBXFileReference; lastKnownFileType = file; path = "Roboto-BlackItalic.ttf"; sourceTree = "<group>"; };
		18FCB84B26A8428B0082BEF2 /* Roboto-Bold.ttf */ = {isa = PBXFileReference; lastKnownFileType = file; path = "Roboto-Bold.ttf"; sourceTree = "<group>"; };
		18FCB84C26A8428B0082BEF2 /* Roboto-Italic.ttf */ = {isa = PBXFileReference; lastKnownFileType = file; path = "Roboto-Italic.ttf"; sourceTree = "<group>"; };
		18FCB84D26A8428B0082BEF2 /* Roboto-BoldItalic.ttf */ = {isa = PBXFileReference; lastKnownFileType = file; path = "Roboto-BoldItalic.ttf"; sourceTree = "<group>"; };
		18FCB84E26A8428B0082BEF2 /* Roboto-ThinItalic.ttf */ = {isa = PBXFileReference; lastKnownFileType = file; path = "Roboto-ThinItalic.ttf"; sourceTree = "<group>"; };
		18FCB84F26A8428B0082BEF2 /* Roboto-Regular.ttf */ = {isa = PBXFileReference; lastKnownFileType = file; path = "Roboto-Regular.ttf"; sourceTree = "<group>"; };
		18FCB85026A8428B0082BEF2 /* Roboto-LightItalic.ttf */ = {isa = PBXFileReference; lastKnownFileType = file; path = "Roboto-LightItalic.ttf"; sourceTree = "<group>"; };
		18FCB85126A8428B0082BEF2 /* Roboto-Medium.ttf */ = {isa = PBXFileReference; lastKnownFileType = file; path = "Roboto-Medium.ttf"; sourceTree = "<group>"; };
		18FCB85226A8428C0082BEF2 /* Roboto-MediumItalic.ttf */ = {isa = PBXFileReference; lastKnownFileType = file; path = "Roboto-MediumItalic.ttf"; sourceTree = "<group>"; };
		1C45050FB5DBE327AF5AEDD9 /* libPods-BreakingBad.a */ = {isa = PBXFileReference; explicitFileType = archive.ar; includeInIndex = 0; path = "libPods-BreakingBad.a"; sourceTree = BUILT_PRODUCTS_DIR; };
		1D16CFB67E3449E3BD3FB3B2 /* Feather.ttf */ = {isa = PBXFileReference; explicitFileType = undefined; fileEncoding = 9; includeInIndex = 0; lastKnownFileType = unknown; name = Feather.ttf; path = "../node_modules/react-native-vector-icons/Fonts/Feather.ttf"; sourceTree = "<group>"; };
		20D7525F8BA9459A95EBDBCD /* Octicons.ttf */ = {isa = PBXFileReference; explicitFileType = undefined; fileEncoding = 9; includeInIndex = 0; lastKnownFileType = unknown; name = Octicons.ttf; path = "../node_modules/react-native-vector-icons/Fonts/Octicons.ttf"; sourceTree = "<group>"; };
		2EFC5F2C16D2475298AF52A8 /* Entypo.ttf */ = {isa = PBXFileReference; explicitFileType = undefined; fileEncoding = 9; includeInIndex = 0; lastKnownFileType = unknown; name = Entypo.ttf; path = "../node_modules/react-native-vector-icons/Fonts/Entypo.ttf"; sourceTree = "<group>"; };
		2F3AC6B58C124FB6A646B6AC /* MaterialIcons.ttf */ = {isa = PBXFileReference; explicitFileType = undefined; fileEncoding = 9; includeInIndex = 0; lastKnownFileType = unknown; name = MaterialIcons.ttf; path = "../node_modules/react-native-vector-icons/Fonts/MaterialIcons.ttf"; sourceTree = "<group>"; };
		5BF63CC437384887AB5A7844 /* Foundation.ttf */ = {isa = PBXFileReference; explicitFileType = undefined; fileEncoding = 9; includeInIndex = 0; lastKnownFileType = unknown; name = Foundation.ttf; path = "../node_modules/react-native-vector-icons/Fonts/Foundation.ttf"; sourceTree = "<group>"; };
		63DF70143400457DBA7354A9 /* Zocial.ttf */ = {isa = PBXFileReference; explicitFileType = undefined; fileEncoding = 9; includeInIndex = 0; lastKnownFileType = unknown; name = Zocial.ttf; path = "../node_modules/react-native-vector-icons/Fonts/Zocial.ttf"; sourceTree = "<group>"; };
		68B3A2FBEFF643E8BFC7705C /* AntDesign.ttf */ = {isa = PBXFileReference; explicitFileType = undefined; fileEncoding = 9; includeInIndex = 0; lastKnownFileType = unknown; name = AntDesign.ttf; path = "../node_modules/react-native-vector-icons/Fonts/AntDesign.ttf"; sourceTree = "<group>"; };
		70AB0FD4D8E54878A0098410 /* FontAwesome5_Brands.ttf */ = {isa = PBXFileReference; explicitFileType = undefined; fileEncoding = 9; includeInIndex = 0; lastKnownFileType = unknown; name = FontAwesome5_Brands.ttf; path = "../node_modules/react-native-vector-icons/Fonts/FontAwesome5_Brands.ttf"; sourceTree = "<group>"; };
		75D9E7C685294F567FDA1D5E /* Pods-BreakingBad-BreakingBadTests.debug.xcconfig */ = {isa = PBXFileReference; includeInIndex = 1; lastKnownFileType = text.xcconfig; name = "Pods-BreakingBad-BreakingBadTests.debug.xcconfig"; path = "Target Support Files/Pods-BreakingBad-BreakingBadTests/Pods-BreakingBad-BreakingBadTests.debug.xcconfig"; sourceTree = "<group>"; };
		7C3550C12FA1A00F2829AD12 /* Pods-BreakingBad-BreakingBadTests.release.xcconfig */ = {isa = PBXFileReference; includeInIndex = 1; lastKnownFileType = text.xcconfig; name = "Pods-BreakingBad-BreakingBadTests.release.xcconfig"; path = "Target Support Files/Pods-BreakingBad-BreakingBadTests/Pods-BreakingBad-BreakingBadTests.release.xcconfig"; sourceTree = "<group>"; };
		81AB9BB72411601600AC10FF /* LaunchScreen.storyboard */ = {isa = PBXFileReference; fileEncoding = 4; lastKnownFileType = file.storyboard; name = LaunchScreen.storyboard; path = BreakingBad/LaunchScreen.storyboard; sourceTree = "<group>"; };
		93ACE55D20C2B24899364FE1 /* libPods-BreakingBad-BreakingBadTests.a */ = {isa = PBXFileReference; explicitFileType = archive.ar; includeInIndex = 0; path = "libPods-BreakingBad-BreakingBadTests.a"; sourceTree = BUILT_PRODUCTS_DIR; };
		A3230F6D5E144475B1C038D6 /* EvilIcons.ttf */ = {isa = PBXFileReference; explicitFileType = undefined; fileEncoding = 9; includeInIndex = 0; lastKnownFileType = unknown; name = EvilIcons.ttf; path = "../node_modules/react-native-vector-icons/Fonts/EvilIcons.ttf"; sourceTree = "<group>"; };
		C0A48C66905647AAB9E10731 /* FontAwesome5_Regular.ttf */ = {isa = PBXFileReference; explicitFileType = undefined; fileEncoding = 9; includeInIndex = 0; lastKnownFileType = unknown; name = FontAwesome5_Regular.ttf; path = "../node_modules/react-native-vector-icons/Fonts/FontAwesome5_Regular.ttf"; sourceTree = "<group>"; };
		C10AE2778C4346D6B3F41BB7 /* Ionicons.ttf */ = {isa = PBXFileReference; explicitFileType = undefined; fileEncoding = 9; includeInIndex = 0; lastKnownFileType = unknown; name = Ionicons.ttf; path = "../node_modules/react-native-vector-icons/Fonts/Ionicons.ttf"; sourceTree = "<group>"; };
		CEC5624F8D264E98AC91AEEF /* FontAwesome.ttf */ = {isa = PBXFileReference; explicitFileType = undefined; fileEncoding = 9; includeInIndex = 0; lastKnownFileType = unknown; name = FontAwesome.ttf; path = "../node_modules/react-native-vector-icons/Fonts/FontAwesome.ttf"; sourceTree = "<group>"; };
		D80F03009FF74E199F84836A /* MaterialCommunityIcons.ttf */ = {isa = PBXFileReference; explicitFileType = undefined; fileEncoding = 9; includeInIndex = 0; lastKnownFileType = unknown; name = MaterialCommunityIcons.ttf; path = "../node_modules/react-native-vector-icons/Fonts/MaterialCommunityIcons.ttf"; sourceTree = "<group>"; };
		DAB4F51B1C1B494A9791AAE9 /* Fontisto.ttf */ = {isa = PBXFileReference; explicitFileType = undefined; fileEncoding = 9; includeInIndex = 0; lastKnownFileType = unknown; name = Fontisto.ttf; path = "../node_modules/react-native-vector-icons/Fonts/Fontisto.ttf"; sourceTree = "<group>"; };
		E02B68B2EAF402FA27F8622C /* Pods-BreakingBad.debug.xcconfig */ = {isa = PBXFileReference; includeInIndex = 1; lastKnownFileType = text.xcconfig; name = "Pods-BreakingBad.debug.xcconfig"; path = "Target Support Files/Pods-BreakingBad/Pods-BreakingBad.debug.xcconfig"; sourceTree = "<group>"; };
		ED297162215061F000B7C4FE /* JavaScriptCore.framework */ = {isa = PBXFileReference; lastKnownFileType = wrapper.framework; name = JavaScriptCore.framework; path = System/Library/Frameworks/JavaScriptCore.framework; sourceTree = SDKROOT; };
		5045EC738E644CF99BCCB650 /* Roboto-Black.ttf */ = {isa = PBXFileReference; name = "Roboto-Black.ttf"; path = "../assets/fonts/Roboto-Black.ttf"; sourceTree = "<group>"; fileEncoding = undefined; lastKnownFileType = unknown; explicitFileType = undefined; includeInIndex = 0; };
		348580C8A0A74D7A84AE94EB /* Roboto-BlackItalic.ttf */ = {isa = PBXFileReference; name = "Roboto-BlackItalic.ttf"; path = "../assets/fonts/Roboto-BlackItalic.ttf"; sourceTree = "<group>"; fileEncoding = undefined; lastKnownFileType = unknown; explicitFileType = undefined; includeInIndex = 0; };
		329544ADB78949D1B7E8AA78 /* Roboto-Bold.ttf */ = {isa = PBXFileReference; name = "Roboto-Bold.ttf"; path = "../assets/fonts/Roboto-Bold.ttf"; sourceTree = "<group>"; fileEncoding = undefined; lastKnownFileType = unknown; explicitFileType = undefined; includeInIndex = 0; };
		FBE1956CCA0C44C8A85964FF /* Roboto-BoldItalic.ttf */ = {isa = PBXFileReference; name = "Roboto-BoldItalic.ttf"; path = "../assets/fonts/Roboto-BoldItalic.ttf"; sourceTree = "<group>"; fileEncoding = undefined; lastKnownFileType = unknown; explicitFileType = undefined; includeInIndex = 0; };
		4B6564A0F5D043D6B020F9D7 /* Roboto-Italic.ttf */ = {isa = PBXFileReference; name = "Roboto-Italic.ttf"; path = "../assets/fonts/Roboto-Italic.ttf"; sourceTree = "<group>"; fileEncoding = undefined; lastKnownFileType = unknown; explicitFileType = undefined; includeInIndex = 0; };
		D64D6F51D5314CDC9535D7EA /* Roboto-Light.ttf */ = {isa = PBXFileReference; name = "Roboto-Light.ttf"; path = "../assets/fonts/Roboto-Light.ttf"; sourceTree = "<group>"; fileEncoding = undefined; lastKnownFileType = unknown; explicitFileType = undefined; includeInIndex = 0; };
		3F0A6FBCDBE8442AABFD9CD9 /* Roboto-LightItalic.ttf */ = {isa = PBXFileReference; name = "Roboto-LightItalic.ttf"; path = "../assets/fonts/Roboto-LightItalic.ttf"; sourceTree = "<group>"; fileEncoding = undefined; lastKnownFileType = unknown; explicitFileType = undefined; includeInIndex = 0; };
		F2E35B1AF6614E94A610EA03 /* Roboto-Medium.ttf */ = {isa = PBXFileReference; name = "Roboto-Medium.ttf"; path = "../assets/fonts/Roboto-Medium.ttf"; sourceTree = "<group>"; fileEncoding = undefined; lastKnownFileType = unknown; explicitFileType = undefined; includeInIndex = 0; };
		F1162FA79A3648CCA348A94A /* Roboto-MediumItalic.ttf */ = {isa = PBXFileReference; name = "Roboto-MediumItalic.ttf"; path = "../assets/fonts/Roboto-MediumItalic.ttf"; sourceTree = "<group>"; fileEncoding = undefined; lastKnownFileType = unknown; explicitFileType = undefined; includeInIndex = 0; };
		448D67BCDE2248B987C3BA1C /* Roboto-Regular.ttf */ = {isa = PBXFileReference; name = "Roboto-Regular.ttf"; path = "../assets/fonts/Roboto-Regular.ttf"; sourceTree = "<group>"; fileEncoding = undefined; lastKnownFileType = unknown; explicitFileType = undefined; includeInIndex = 0; };
		D603CDE3C45D45B6976A162A /* Roboto-Thin.ttf */ = {isa = PBXFileReference; name = "Roboto-Thin.ttf"; path = "../assets/fonts/Roboto-Thin.ttf"; sourceTree = "<group>"; fileEncoding = undefined; lastKnownFileType = unknown; explicitFileType = undefined; includeInIndex = 0; };
		2FBA12EFEF204F599AA5F327 /* Roboto-ThinItalic.ttf */ = {isa = PBXFileReference; name = "Roboto-ThinItalic.ttf"; path = "../assets/fonts/Roboto-ThinItalic.ttf"; sourceTree = "<group>"; fileEncoding = undefined; lastKnownFileType = unknown; explicitFileType = undefined; includeInIndex = 0; };
/* End PBXFileReference section */

/* Begin PBXFrameworksBuildPhase section */
		00E356EB1AD99517003FC87E /* Frameworks */ = {
			isa = PBXFrameworksBuildPhase;
			buildActionMask = 2147483647;
			files = (
				6F29DFE61510E1E3E20A0E8E /* libPods-BreakingBad-BreakingBadTests.a in Frameworks */,
			);
			runOnlyForDeploymentPostprocessing = 0;
		};
		13B07F8C1A680F5B00A75B9A /* Frameworks */ = {
			isa = PBXFrameworksBuildPhase;
			buildActionMask = 2147483647;
			files = (
				18FCB78E26A837680082BEF2 /* libCocoaAsyncSocket.a in Frameworks */,
				18FCB79026A837680082BEF2 /* libDoubleConversion.a in Frameworks */,
				18FCB79226A837680082BEF2 /* libFBReactNativeSpec.a in Frameworks */,
				18FCB79426A837680082BEF2 /* libFlipper-DoubleConversion.a in Frameworks */,
				18FCB79626A837680082BEF2 /* libFlipper-Folly.a in Frameworks */,
				18FCB79826A837680082BEF2 /* libFlipper-Glog.a in Frameworks */,
				18FCB79A26A837680082BEF2 /* libFlipper-PeerTalk.a in Frameworks */,
				18FCB79C26A837680082BEF2 /* libFlipper-RSocket.a in Frameworks */,
				18FCB79E26A837680082BEF2 /* libFlipper.a in Frameworks */,
				18FCB7A026A837680082BEF2 /* libFlipperKit.a in Frameworks */,
				18FCB7A226A837680082BEF2 /* libglog.a in Frameworks */,
				18FCB7A426A837680082BEF2 /* liblibevent.a in Frameworks */,
				18FCB7A826A837680082BEF2 /* libPods-BreakingBad.a in Frameworks */,
				18FCB7AA26A837680082BEF2 /* libRCT-Folly.a in Frameworks */,
				18FCB7AC26A837680082BEF2 /* libRCTTypeSafety.a in Frameworks */,
				18FCB7AE26A837680082BEF2 /* libReact-Core.a in Frameworks */,
				18FCB7B026A837680082BEF2 /* libReact-CoreModules.a in Frameworks */,
				18FCB7B226A837680082BEF2 /* libReact-cxxreact.a in Frameworks */,
				18FCB7B426A837680082BEF2 /* libReact-jsi.a in Frameworks */,
				18FCB7B626A837680082BEF2 /* libReact-jsiexecutor.a in Frameworks */,
				18FCB7B826A837680082BEF2 /* libReact-jsinspector.a in Frameworks */,
				18FCB7BA26A837680082BEF2 /* libreact-native-safe-area-context.a in Frameworks */,
				18FCB7BC26A837680082BEF2 /* libReact-perflogger.a in Frameworks */,
				18FCB7BE26A837680082BEF2 /* libReact-RCTAnimation.a in Frameworks */,
				18FCB7C026A837680082BEF2 /* libReact-RCTBlob.a in Frameworks */,
				18FCB7C226A837680082BEF2 /* libReact-RCTImage.a in Frameworks */,
				18FCB7C426A837680082BEF2 /* libReact-RCTLinking.a in Frameworks */,
				18FCB7C626A837680082BEF2 /* libReact-RCTNetwork.a in Frameworks */,
				18FCB7C826A837680082BEF2 /* libReact-RCTSettings.a in Frameworks */,
				18FCB7CA26A837680082BEF2 /* libReact-RCTText.a in Frameworks */,
				18FCB7CC26A837680082BEF2 /* libReact-RCTVibration.a in Frameworks */,
				18FCB7CE26A837680082BEF2 /* libReactCommon.a in Frameworks */,
				18FCB7D026A837680082BEF2 /* libRNCAsyncStorage.a in Frameworks */,
				18FCB7D226A837680082BEF2 /* libRNCMaskedView.a in Frameworks */,
				18FCB7D426A837680082BEF2 /* libRNGestureHandler.a in Frameworks */,
				18FCB7D626A837680082BEF2 /* libRNReanimated.a in Frameworks */,
				18FCB7D826A837680082BEF2 /* libRNScreens.a in Frameworks */,
				18FCB7DA26A837680082BEF2 /* libRNVectorIcons.a in Frameworks */,
				18FCB7DC26A837680082BEF2 /* libYoga.a in Frameworks */,
				18FCB7DE26A837680082BEF2 /* libYogaKit.a in Frameworks */,
				0294CDA0C5CE7C1A3E59DBA5 /* libPods-BreakingBad.a in Frameworks */,
			);
			runOnlyForDeploymentPostprocessing = 0;
		};
/* End PBXFrameworksBuildPhase section */

/* Begin PBXGroup section */
		00E356EF1AD99517003FC87E /* BreakingBadTests */ = {
			isa = PBXGroup;
			children = (
				00E356F21AD99517003FC87E /* BreakingBadTests.m */,
				00E356F01AD99517003FC87E /* Supporting Files */,
			);
			path = BreakingBadTests;
			sourceTree = "<group>";
		};
		00E356F01AD99517003FC87E /* Supporting Files */ = {
			isa = PBXGroup;
			children = (
				00E356F11AD99517003FC87E /* Info.plist */,
			);
			name = "Supporting Files";
			sourceTree = "<group>";
		};
		13B07FAE1A68108700A75B9A /* BreakingBad */ = {
			isa = PBXGroup;
			children = (
				18FCB6C726A6DAB00082BEF2 /* Fonts */,
				13B07FAF1A68108700A75B9A /* AppDelegate.h */,
				13B07FB01A68108700A75B9A /* AppDelegate.m */,
				13B07FB51A68108700A75B9A /* Images.xcassets */,
				13B07FB61A68108700A75B9A /* Info.plist */,
				81AB9BB72411601600AC10FF /* LaunchScreen.storyboard */,
				13B07FB71A68108700A75B9A /* main.m */,
			);
			name = BreakingBad;
			sourceTree = "<group>";
		};
		18FCB6C726A6DAB00082BEF2 /* Fonts */ = {
			isa = PBXGroup;
			children = (
				18FCB72226A7E0EA0082BEF2 /* Roboto-Bold.ttf */,
				18FCB72026A7E0EA0082BEF2 /* Roboto-Light.ttf */,
				18FCB71F26A7E0EA0082BEF2 /* Roboto-Medium.ttf */,
				18FCB72126A7E0EA0082BEF2 /* Roboto-Thin.ttf */,
				18FCB6E026A6DC340082BEF2 /* AntDesign.ttf */,
				18FCB6DE26A6DC340082BEF2 /* Entypo.ttf */,
				18FCB6DC26A6DC340082BEF2 /* EvilIcons.ttf */,
				18FCB6DF26A6DC340082BEF2 /* Feather.ttf */,
				18FCB6E126A6DC340082BEF2 /* FontAwesome.ttf */,
				18FCB6E626A6DC340082BEF2 /* FontAwesome5_Brands.ttf */,
				18FCB6DA26A6DC330082BEF2 /* FontAwesome5_Regular.ttf */,
				18FCB6E326A6DC340082BEF2 /* FontAwesome5_Solid.ttf */,
				18FCB6D826A6DC330082BEF2 /* Fontisto.ttf */,
				18FCB6D926A6DC330082BEF2 /* Foundation.ttf */,
				18FCB6DD26A6DC340082BEF2 /* Ionicons.ttf */,
				18FCB6E226A6DC340082BEF2 /* MaterialCommunityIcons.ttf */,
				18FCB6E426A6DC340082BEF2 /* MaterialIcons.ttf */,
				18FCB6E526A6DC340082BEF2 /* Octicons.ttf */,
				18FCB6DB26A6DC340082BEF2 /* Zocial.ttf */,
				18FCB6E726A6DC340082BEF2 /* SimpleLineIcons.ttf */,
			);
			name = Fonts;
			sourceTree = "<group>";
		};
		2D16E6871FA4F8E400B85C8A /* Frameworks */ = {
			isa = PBXGroup;
			children = (
				18FCB78D26A837680082BEF2 /* libCocoaAsyncSocket.a */,
				18FCB78F26A837680082BEF2 /* libDoubleConversion.a */,
				18FCB79126A837680082BEF2 /* libFBReactNativeSpec.a */,
				18FCB79326A837680082BEF2 /* libFlipper-DoubleConversion.a */,
				18FCB79526A837680082BEF2 /* libFlipper-Folly.a */,
				18FCB79726A837680082BEF2 /* libFlipper-Glog.a */,
				18FCB79926A837680082BEF2 /* libFlipper-PeerTalk.a */,
				18FCB79B26A837680082BEF2 /* libFlipper-RSocket.a */,
				18FCB79D26A837680082BEF2 /* libFlipper.a */,
				18FCB79F26A837680082BEF2 /* libFlipperKit.a */,
				18FCB7A126A837680082BEF2 /* libglog.a */,
				18FCB7A326A837680082BEF2 /* liblibevent.a */,
				18FCB7A726A837680082BEF2 /* libPods-BreakingBad.a */,
				18FCB7A926A837680082BEF2 /* libRCT-Folly.a */,
				18FCB7AB26A837680082BEF2 /* libRCTTypeSafety.a */,
				18FCB7AD26A837680082BEF2 /* libReact-Core.a */,
				18FCB7AF26A837680082BEF2 /* libReact-CoreModules.a */,
				18FCB7B126A837680082BEF2 /* libReact-cxxreact.a */,
				18FCB7B326A837680082BEF2 /* libReact-jsi.a */,
				18FCB7B526A837680082BEF2 /* libReact-jsiexecutor.a */,
				18FCB7B726A837680082BEF2 /* libReact-jsinspector.a */,
				18FCB7B926A837680082BEF2 /* libreact-native-safe-area-context.a */,
				18FCB7BB26A837680082BEF2 /* libReact-perflogger.a */,
				18FCB7BD26A837680082BEF2 /* libReact-RCTAnimation.a */,
				18FCB7BF26A837680082BEF2 /* libReact-RCTBlob.a */,
				18FCB7C126A837680082BEF2 /* libReact-RCTImage.a */,
				18FCB7C326A837680082BEF2 /* libReact-RCTLinking.a */,
				18FCB7C526A837680082BEF2 /* libReact-RCTNetwork.a */,
				18FCB7C726A837680082BEF2 /* libReact-RCTSettings.a */,
				18FCB7C926A837680082BEF2 /* libReact-RCTText.a */,
				18FCB7CB26A837680082BEF2 /* libReact-RCTVibration.a */,
				18FCB7CD26A837680082BEF2 /* libReactCommon.a */,
				18FCB7CF26A837680082BEF2 /* libRNCAsyncStorage.a */,
				18FCB7D126A837680082BEF2 /* libRNCMaskedView.a */,
				18FCB7D326A837680082BEF2 /* libRNGestureHandler.a */,
				18FCB7D526A837680082BEF2 /* libRNReanimated.a */,
				18FCB7D726A837680082BEF2 /* libRNScreens.a */,
				18FCB7D926A837680082BEF2 /* libRNVectorIcons.a */,
				18FCB7DB26A837680082BEF2 /* libYoga.a */,
				18FCB7DD26A837680082BEF2 /* libYogaKit.a */,
				ED297162215061F000B7C4FE /* JavaScriptCore.framework */,
				1C45050FB5DBE327AF5AEDD9 /* libPods-BreakingBad.a */,
				93ACE55D20C2B24899364FE1 /* libPods-BreakingBad-BreakingBadTests.a */,
			);
			name = Frameworks;
			sourceTree = "<group>";
		};
		707D619AC8474533A35309A9 /* Resources */ = {
			isa = PBXGroup;
			children = (
				18FCB84726A8428A0082BEF2 /* Roboto-Black.ttf */,
				18FCB84A26A8428A0082BEF2 /* Roboto-BlackItalic.ttf */,
				18FCB84B26A8428B0082BEF2 /* Roboto-Bold.ttf */,
				18FCB84D26A8428B0082BEF2 /* Roboto-BoldItalic.ttf */,
				18FCB84C26A8428B0082BEF2 /* Roboto-Italic.ttf */,
				18FCB84926A8428A0082BEF2 /* Roboto-Light.ttf */,
				18FCB85026A8428B0082BEF2 /* Roboto-LightItalic.ttf */,
				18FCB85126A8428B0082BEF2 /* Roboto-Medium.ttf */,
				18FCB85226A8428C0082BEF2 /* Roboto-MediumItalic.ttf */,
				18FCB84F26A8428B0082BEF2 /* Roboto-Regular.ttf */,
				18FCB84826A8428A0082BEF2 /* Roboto-Thin.ttf */,
				18FCB84E26A8428B0082BEF2 /* Roboto-ThinItalic.ttf */,
				68B3A2FBEFF643E8BFC7705C /* AntDesign.ttf */,
				2EFC5F2C16D2475298AF52A8 /* Entypo.ttf */,
				A3230F6D5E144475B1C038D6 /* EvilIcons.ttf */,
				1D16CFB67E3449E3BD3FB3B2 /* Feather.ttf */,
				CEC5624F8D264E98AC91AEEF /* FontAwesome.ttf */,
				70AB0FD4D8E54878A0098410 /* FontAwesome5_Brands.ttf */,
				C0A48C66905647AAB9E10731 /* FontAwesome5_Regular.ttf */,
				136BD237F1FA441395E900B1 /* FontAwesome5_Solid.ttf */,
				DAB4F51B1C1B494A9791AAE9 /* Fontisto.ttf */,
				5BF63CC437384887AB5A7844 /* Foundation.ttf */,
				C10AE2778C4346D6B3F41BB7 /* Ionicons.ttf */,
				D80F03009FF74E199F84836A /* MaterialCommunityIcons.ttf */,
				2F3AC6B58C124FB6A646B6AC /* MaterialIcons.ttf */,
				20D7525F8BA9459A95EBDBCD /* Octicons.ttf */,
				0AB8262CC9A7440B9DFB7A5B /* SimpleLineIcons.ttf */,
				63DF70143400457DBA7354A9 /* Zocial.ttf */,
				5045EC738E644CF99BCCB650 /* Roboto-Black.ttf */,
				348580C8A0A74D7A84AE94EB /* Roboto-BlackItalic.ttf */,
				329544ADB78949D1B7E8AA78 /* Roboto-Bold.ttf */,
				FBE1956CCA0C44C8A85964FF /* Roboto-BoldItalic.ttf */,
				4B6564A0F5D043D6B020F9D7 /* Roboto-Italic.ttf */,
				D64D6F51D5314CDC9535D7EA /* Roboto-Light.ttf */,
				3F0A6FBCDBE8442AABFD9CD9 /* Roboto-LightItalic.ttf */,
				F2E35B1AF6614E94A610EA03 /* Roboto-Medium.ttf */,
				F1162FA79A3648CCA348A94A /* Roboto-MediumItalic.ttf */,
				448D67BCDE2248B987C3BA1C /* Roboto-Regular.ttf */,
				D603CDE3C45D45B6976A162A /* Roboto-Thin.ttf */,
				2FBA12EFEF204F599AA5F327 /* Roboto-ThinItalic.ttf */,
			);
			name = Resources;
			sourceTree = "<group>";
		};
		832341AE1AAA6A7D00B99B32 /* Libraries */ = {
			isa = PBXGroup;
			children = (
			);
			name = Libraries;
			sourceTree = "<group>";
		};
		83CBB9F61A601CBA00E9B192 = {
			isa = PBXGroup;
			children = (
				13B07FAE1A68108700A75B9A /* BreakingBad */,
				832341AE1AAA6A7D00B99B32 /* Libraries */,
				00E356EF1AD99517003FC87E /* BreakingBadTests */,
				83CBBA001A601CBA00E9B192 /* Products */,
				2D16E6871FA4F8E400B85C8A /* Frameworks */,
				BE6DE7F9FEA9169656F03651 /* Pods */,
				707D619AC8474533A35309A9 /* Resources */,
			);
			indentWidth = 2;
			sourceTree = "<group>";
			tabWidth = 2;
			usesTabs = 0;
		};
		83CBBA001A601CBA00E9B192 /* Products */ = {
			isa = PBXGroup;
			children = (
				13B07F961A680F5B00A75B9A /* BreakingBad.app */,
				00E356EE1AD99517003FC87E /* BreakingBadTests.xctest */,
			);
			name = Products;
			sourceTree = "<group>";
		};
		BE6DE7F9FEA9169656F03651 /* Pods */ = {
			isa = PBXGroup;
			children = (
				E02B68B2EAF402FA27F8622C /* Pods-BreakingBad.debug.xcconfig */,
				0E5BC342D0FBDD32AA3CD283 /* Pods-BreakingBad.release.xcconfig */,
				75D9E7C685294F567FDA1D5E /* Pods-BreakingBad-BreakingBadTests.debug.xcconfig */,
				7C3550C12FA1A00F2829AD12 /* Pods-BreakingBad-BreakingBadTests.release.xcconfig */,
			);
			path = Pods;
			sourceTree = "<group>";
		};
/* End PBXGroup section */

/* Begin PBXNativeTarget section */
		00E356ED1AD99517003FC87E /* BreakingBadTests */ = {
			isa = PBXNativeTarget;
			buildConfigurationList = 00E357021AD99517003FC87E /* Build configuration list for PBXNativeTarget "BreakingBadTests" */;
			buildPhases = (
				2DAEF47CC7EC2B452FCC7497 /* [CP] Check Pods Manifest.lock */,
				00E356EA1AD99517003FC87E /* Sources */,
				00E356EB1AD99517003FC87E /* Frameworks */,
				00E356EC1AD99517003FC87E /* Resources */,
				1B5005660A2612372CCC1382 /* [CP] Embed Pods Frameworks */,
				7DE0ADAB0D46515B17EC904C /* [CP] Copy Pods Resources */,
			);
			buildRules = (
			);
			dependencies = (
				00E356F51AD99517003FC87E /* PBXTargetDependency */,
			);
			name = BreakingBadTests;
			productName = BreakingBadTests;
			productReference = 00E356EE1AD99517003FC87E /* BreakingBadTests.xctest */;
			productType = "com.apple.product-type.bundle.unit-test";
		};
		13B07F861A680F5B00A75B9A /* BreakingBad */ = {
			isa = PBXNativeTarget;
			buildConfigurationList = 13B07F931A680F5B00A75B9A /* Build configuration list for PBXNativeTarget "BreakingBad" */;
			buildPhases = (
				F37D4E0E85FC0F3C817AA4C7 /* [CP] Check Pods Manifest.lock */,
				FD10A7F022414F080027D42C /* Start Packager */,
				13B07F871A680F5B00A75B9A /* Sources */,
				13B07F8C1A680F5B00A75B9A /* Frameworks */,
				13B07F8E1A680F5B00A75B9A /* Resources */,
				00DD1BFF1BD5951E006B06BC /* Bundle React Native code and images */,
				3024425C6080C6B7F29A92A5 /* [CP] Embed Pods Frameworks */,
				34A74A2A3B5CBBC90BEF3541 /* [CP] Copy Pods Resources */,
			);
			buildRules = (
			);
			dependencies = (
			);
			name = BreakingBad;
			productName = BreakingBad;
			productReference = 13B07F961A680F5B00A75B9A /* BreakingBad.app */;
			productType = "com.apple.product-type.application";
		};
/* End PBXNativeTarget section */

/* Begin PBXProject section */
		83CBB9F71A601CBA00E9B192 /* Project object */ = {
			isa = PBXProject;
			attributes = {
				LastUpgradeCheck = 1210;
				TargetAttributes = {
					00E356ED1AD99517003FC87E = {
						CreatedOnToolsVersion = 6.2;
						TestTargetID = 13B07F861A680F5B00A75B9A;
					};
					13B07F861A680F5B00A75B9A = {
						LastSwiftMigration = 1120;
					};
				};
			};
			buildConfigurationList = 83CBB9FA1A601CBA00E9B192 /* Build configuration list for PBXProject "BreakingBad" */;
			compatibilityVersion = "Xcode 12.0";
			developmentRegion = en;
			hasScannedForEncodings = 0;
			knownRegions = (
				en,
				Base,
			);
			mainGroup = 83CBB9F61A601CBA00E9B192;
			productRefGroup = 83CBBA001A601CBA00E9B192 /* Products */;
			projectDirPath = "";
			projectRoot = "";
			targets = (
				13B07F861A680F5B00A75B9A /* BreakingBad */,
				00E356ED1AD99517003FC87E /* BreakingBadTests */,
			);
		};
/* End PBXProject section */

/* Begin PBXResourcesBuildPhase section */
		00E356EC1AD99517003FC87E /* Resources */ = {
			isa = PBXResourcesBuildPhase;
			buildActionMask = 2147483647;
			files = (
			);
			runOnlyForDeploymentPostprocessing = 0;
		};
		13B07F8E1A680F5B00A75B9A /* Resources */ = {
			isa = PBXResourcesBuildPhase;
			buildActionMask = 2147483647;
			files = (
				81AB9BB82411601600AC10FF /* LaunchScreen.storyboard in Resources */,
				13B07FBF1A68108700A75B9A /* Images.xcassets in Resources */,
				D7D647AF20B6489B8B4712AB /* Roboto-Black.ttf in Resources */,
				2B62C44C62204B0C8E4CFF09 /* Roboto-BlackItalic.ttf in Resources */,
				964A8CC5C49E4E79AC54E8B0 /* Roboto-Bold.ttf in Resources */,
				54D0AD82A61C48148306E7D5 /* Roboto-BoldItalic.ttf in Resources */,
				9F971BA8DD2244CAA8D0686E /* Roboto-Italic.ttf in Resources */,
				46863F05FB9C41639FB82D30 /* Roboto-Light.ttf in Resources */,
				C1DF6C65553D4B1C9E1FCDDA /* Roboto-LightItalic.ttf in Resources */,
				F24CE58494A8413AA6482644 /* Roboto-Medium.ttf in Resources */,
				35637A2FBB4C4749A28F679D /* Roboto-MediumItalic.ttf in Resources */,
				AFB38774E4224C15ABFCC672 /* Roboto-Regular.ttf in Resources */,
				042E199B0F2B4794A29EB0D3 /* Roboto-Thin.ttf in Resources */,
				206AC3FF8D1E47CBB6FC95FD /* Roboto-ThinItalic.ttf in Resources */,
			);
			runOnlyForDeploymentPostprocessing = 0;
		};
/* End PBXResourcesBuildPhase section */

/* Begin PBXShellScriptBuildPhase section */
		00DD1BFF1BD5951E006B06BC /* Bundle React Native code and images */ = {
			isa = PBXShellScriptBuildPhase;
			buildActionMask = 2147483647;
			files = (
			);
			inputPaths = (
			);
			name = "Bundle React Native code and images";
			outputPaths = (
			);
			runOnlyForDeploymentPostprocessing = 0;
			shellPath = /bin/sh;
			shellScript = "set -e\n\nexport NODE_BINARY=node\n../node_modules/react-native/scripts/react-native-xcode.sh\n";
		};
		1B5005660A2612372CCC1382 /* [CP] Embed Pods Frameworks */ = {
			isa = PBXShellScriptBuildPhase;
			buildActionMask = 2147483647;
			files = (
			);
			inputFileListPaths = (
				"${PODS_ROOT}/Target Support Files/Pods-BreakingBad-BreakingBadTests/Pods-BreakingBad-BreakingBadTests-frameworks-${CONFIGURATION}-input-files.xcfilelist",
			);
			name = "[CP] Embed Pods Frameworks";
			outputFileListPaths = (
				"${PODS_ROOT}/Target Support Files/Pods-BreakingBad-BreakingBadTests/Pods-BreakingBad-BreakingBadTests-frameworks-${CONFIGURATION}-output-files.xcfilelist",
			);
			runOnlyForDeploymentPostprocessing = 0;
			shellPath = /bin/sh;
			shellScript = "\"${PODS_ROOT}/Target Support Files/Pods-BreakingBad-BreakingBadTests/Pods-BreakingBad-BreakingBadTests-frameworks.sh\"\n";
			showEnvVarsInLog = 0;
		};
		2DAEF47CC7EC2B452FCC7497 /* [CP] Check Pods Manifest.lock */ = {
			isa = PBXShellScriptBuildPhase;
			buildActionMask = 2147483647;
			files = (
			);
			inputFileListPaths = (
			);
			inputPaths = (
				"${PODS_PODFILE_DIR_PATH}/Podfile.lock",
				"${PODS_ROOT}/Manifest.lock",
			);
			name = "[CP] Check Pods Manifest.lock";
			outputFileListPaths = (
			);
			outputPaths = (
				"$(DERIVED_FILE_DIR)/Pods-BreakingBad-BreakingBadTests-checkManifestLockResult.txt",
			);
			runOnlyForDeploymentPostprocessing = 0;
			shellPath = /bin/sh;
			shellScript = "diff \"${PODS_PODFILE_DIR_PATH}/Podfile.lock\" \"${PODS_ROOT}/Manifest.lock\" > /dev/null\nif [ $? != 0 ] ; then\n    # print error to STDERR\n    echo \"error: The sandbox is not in sync with the Podfile.lock. Run 'pod install' or update your CocoaPods installation.\" >&2\n    exit 1\nfi\n# This output is used by Xcode 'outputs' to avoid re-running this script phase.\necho \"SUCCESS\" > \"${SCRIPT_OUTPUT_FILE_0}\"\n";
			showEnvVarsInLog = 0;
		};
		3024425C6080C6B7F29A92A5 /* [CP] Embed Pods Frameworks */ = {
			isa = PBXShellScriptBuildPhase;
			buildActionMask = 2147483647;
			files = (
			);
			inputFileListPaths = (
				"${PODS_ROOT}/Target Support Files/Pods-BreakingBad/Pods-BreakingBad-frameworks-${CONFIGURATION}-input-files.xcfilelist",
			);
			name = "[CP] Embed Pods Frameworks";
			outputFileListPaths = (
				"${PODS_ROOT}/Target Support Files/Pods-BreakingBad/Pods-BreakingBad-frameworks-${CONFIGURATION}-output-files.xcfilelist",
			);
			runOnlyForDeploymentPostprocessing = 0;
			shellPath = /bin/sh;
			shellScript = "\"${PODS_ROOT}/Target Support Files/Pods-BreakingBad/Pods-BreakingBad-frameworks.sh\"\n";
			showEnvVarsInLog = 0;
		};
		34A74A2A3B5CBBC90BEF3541 /* [CP] Copy Pods Resources */ = {
			isa = PBXShellScriptBuildPhase;
			buildActionMask = 2147483647;
			files = (
			);
			inputFileListPaths = (
				"${PODS_ROOT}/Target Support Files/Pods-BreakingBad/Pods-BreakingBad-resources-${CONFIGURATION}-input-files.xcfilelist",
			);
			name = "[CP] Copy Pods Resources";
			outputFileListPaths = (
				"${PODS_ROOT}/Target Support Files/Pods-BreakingBad/Pods-BreakingBad-resources-${CONFIGURATION}-output-files.xcfilelist",
			);
			runOnlyForDeploymentPostprocessing = 0;
			shellPath = /bin/sh;
			shellScript = "\"${PODS_ROOT}/Target Support Files/Pods-BreakingBad/Pods-BreakingBad-resources.sh\"\n";
			showEnvVarsInLog = 0;
		};
		7DE0ADAB0D46515B17EC904C /* [CP] Copy Pods Resources */ = {
			isa = PBXShellScriptBuildPhase;
			buildActionMask = 2147483647;
			files = (
			);
			inputFileListPaths = (
				"${PODS_ROOT}/Target Support Files/Pods-BreakingBad-BreakingBadTests/Pods-BreakingBad-BreakingBadTests-resources-${CONFIGURATION}-input-files.xcfilelist",
			);
			name = "[CP] Copy Pods Resources";
			outputFileListPaths = (
				"${PODS_ROOT}/Target Support Files/Pods-BreakingBad-BreakingBadTests/Pods-BreakingBad-BreakingBadTests-resources-${CONFIGURATION}-output-files.xcfilelist",
			);
			runOnlyForDeploymentPostprocessing = 0;
			shellPath = /bin/sh;
			shellScript = "\"${PODS_ROOT}/Target Support Files/Pods-BreakingBad-BreakingBadTests/Pods-BreakingBad-BreakingBadTests-resources.sh\"\n";
			showEnvVarsInLog = 0;
		};
		F37D4E0E85FC0F3C817AA4C7 /* [CP] Check Pods Manifest.lock */ = {
			isa = PBXShellScriptBuildPhase;
			buildActionMask = 2147483647;
			files = (
			);
			inputFileListPaths = (
			);
			inputPaths = (
				"${PODS_PODFILE_DIR_PATH}/Podfile.lock",
				"${PODS_ROOT}/Manifest.lock",
			);
			name = "[CP] Check Pods Manifest.lock";
			outputFileListPaths = (
			);
			outputPaths = (
				"$(DERIVED_FILE_DIR)/Pods-BreakingBad-checkManifestLockResult.txt",
			);
			runOnlyForDeploymentPostprocessing = 0;
			shellPath = /bin/sh;
			shellScript = "diff \"${PODS_PODFILE_DIR_PATH}/Podfile.lock\" \"${PODS_ROOT}/Manifest.lock\" > /dev/null\nif [ $? != 0 ] ; then\n    # print error to STDERR\n    echo \"error: The sandbox is not in sync with the Podfile.lock. Run 'pod install' or update your CocoaPods installation.\" >&2\n    exit 1\nfi\n# This output is used by Xcode 'outputs' to avoid re-running this script phase.\necho \"SUCCESS\" > \"${SCRIPT_OUTPUT_FILE_0}\"\n";
			showEnvVarsInLog = 0;
		};
		FD10A7F022414F080027D42C /* Start Packager */ = {
			isa = PBXShellScriptBuildPhase;
			buildActionMask = 2147483647;
			files = (
			);
			inputFileListPaths = (
			);
			inputPaths = (
			);
			name = "Start Packager";
			outputFileListPaths = (
			);
			outputPaths = (
			);
			runOnlyForDeploymentPostprocessing = 0;
			shellPath = /bin/sh;
			shellScript = "export RCT_METRO_PORT=\"${RCT_METRO_PORT:=8081}\"\necho \"export RCT_METRO_PORT=${RCT_METRO_PORT}\" > \"${SRCROOT}/../node_modules/react-native/scripts/.packager.env\"\nif [ -z \"${RCT_NO_LAUNCH_PACKAGER+xxx}\" ] ; then\n  if nc -w 5 -z localhost ${RCT_METRO_PORT} ; then\n    if ! curl -s \"http://localhost:${RCT_METRO_PORT}/status\" | grep -q \"packager-status:running\" ; then\n      echo \"Port ${RCT_METRO_PORT} already in use, packager is either not running or not running correctly\"\n      exit 2\n    fi\n  else\n    open \"$SRCROOT/../node_modules/react-native/scripts/launchPackager.command\" || echo \"Can't start packager automatically\"\n  fi\nfi\n";
			showEnvVarsInLog = 0;
		};
/* End PBXShellScriptBuildPhase section */

/* Begin PBXSourcesBuildPhase section */
		00E356EA1AD99517003FC87E /* Sources */ = {
			isa = PBXSourcesBuildPhase;
			buildActionMask = 2147483647;
			files = (
				00E356F31AD99517003FC87E /* BreakingBadTests.m in Sources */,
			);
			runOnlyForDeploymentPostprocessing = 0;
		};
		13B07F871A680F5B00A75B9A /* Sources */ = {
			isa = PBXSourcesBuildPhase;
			buildActionMask = 2147483647;
			files = (
				13B07FBC1A68108700A75B9A /* AppDelegate.m in Sources */,
				13B07FC11A68108700A75B9A /* main.m in Sources */,
			);
			runOnlyForDeploymentPostprocessing = 0;
		};
/* End PBXSourcesBuildPhase section */

/* Begin PBXTargetDependency section */
		00E356F51AD99517003FC87E /* PBXTargetDependency */ = {
			isa = PBXTargetDependency;
			target = 13B07F861A680F5B00A75B9A /* BreakingBad */;
			targetProxy = 00E356F41AD99517003FC87E /* PBXContainerItemProxy */;
		};
/* End PBXTargetDependency section */

/* Begin XCBuildConfiguration section */
		00E356F61AD99517003FC87E /* Debug */ = {
			isa = XCBuildConfiguration;
			baseConfigurationReference = 75D9E7C685294F567FDA1D5E /* Pods-BreakingBad-BreakingBadTests.debug.xcconfig */;
			buildSettings = {
				BUNDLE_LOADER = "$(TEST_HOST)";
				GCC_PREPROCESSOR_DEFINITIONS = (
					"DEBUG=1",
					"$(inherited)",
				);
				INFOPLIST_FILE = BreakingBadTests/Info.plist;
				IPHONEOS_DEPLOYMENT_TARGET = 10.0;
				LD_RUNPATH_SEARCH_PATHS = (
					"$(inherited)",
					"@executable_path/Frameworks",
					"@loader_path/Frameworks",
				);
				OTHER_LDFLAGS = (
					"-ObjC",
					"-lc++",
					"$(inherited)",
				);
				PRODUCT_BUNDLE_IDENTIFIER = "org.reactjs.native.example.$(PRODUCT_NAME:rfc1034identifier)";
				PRODUCT_NAME = "$(TARGET_NAME)";
				TEST_HOST = "$(BUILT_PRODUCTS_DIR)/BreakingBad.app/BreakingBad";
			};
			name = Debug;
		};
		00E356F71AD99517003FC87E /* Release */ = {
			isa = XCBuildConfiguration;
			baseConfigurationReference = 7C3550C12FA1A00F2829AD12 /* Pods-BreakingBad-BreakingBadTests.release.xcconfig */;
			buildSettings = {
				BUNDLE_LOADER = "$(TEST_HOST)";
				COPY_PHASE_STRIP = NO;
				INFOPLIST_FILE = BreakingBadTests/Info.plist;
				IPHONEOS_DEPLOYMENT_TARGET = 10.0;
				LD_RUNPATH_SEARCH_PATHS = (
					"$(inherited)",
					"@executable_path/Frameworks",
					"@loader_path/Frameworks",
				);
				OTHER_LDFLAGS = (
					"-ObjC",
					"-lc++",
					"$(inherited)",
				);
				PRODUCT_BUNDLE_IDENTIFIER = "org.reactjs.native.example.$(PRODUCT_NAME:rfc1034identifier)";
				PRODUCT_NAME = "$(TARGET_NAME)";
				TEST_HOST = "$(BUILT_PRODUCTS_DIR)/BreakingBad.app/BreakingBad";
			};
			name = Release;
		};
		13B07F941A680F5B00A75B9A /* Debug */ = {
			isa = XCBuildConfiguration;
			baseConfigurationReference = E02B68B2EAF402FA27F8622C /* Pods-BreakingBad.debug.xcconfig */;
			buildSettings = {
				ASSETCATALOG_COMPILER_APPICON_NAME = AppIcon;
				CLANG_ENABLE_MODULES = YES;
				CURRENT_PROJECT_VERSION = 1;
				ENABLE_BITCODE = NO;
				INFOPLIST_FILE = BreakingBad/Info.plist;
				LD_RUNPATH_SEARCH_PATHS = (
					"$(inherited)",
					"@executable_path/Frameworks",
				);
				OTHER_LDFLAGS = (
					"$(inherited)",
					"-ObjC",
					"-lc++",
				);
				PRODUCT_BUNDLE_IDENTIFIER = "org.reactjs.native.example.$(PRODUCT_NAME:rfc1034identifier)";
				PRODUCT_NAME = BreakingBad;
				SWIFT_OPTIMIZATION_LEVEL = "-Onone";
				SWIFT_VERSION = 5.0;
				VERSIONING_SYSTEM = "apple-generic";
			};
			name = Debug;
		};
		13B07F951A680F5B00A75B9A /* Release */ = {
			isa = XCBuildConfiguration;
			baseConfigurationReference = 0E5BC342D0FBDD32AA3CD283 /* Pods-BreakingBad.release.xcconfig */;
			buildSettings = {
				ASSETCATALOG_COMPILER_APPICON_NAME = AppIcon;
				CLANG_ENABLE_MODULES = YES;
				CURRENT_PROJECT_VERSION = 1;
				INFOPLIST_FILE = BreakingBad/Info.plist;
				LD_RUNPATH_SEARCH_PATHS = (
					"$(inherited)",
					"@executable_path/Frameworks",
				);
				OTHER_LDFLAGS = (
					"$(inherited)",
					"-ObjC",
					"-lc++",
				);
				PRODUCT_BUNDLE_IDENTIFIER = "org.reactjs.native.example.$(PRODUCT_NAME:rfc1034identifier)";
				PRODUCT_NAME = BreakingBad;
				SWIFT_VERSION = 5.0;
				VERSIONING_SYSTEM = "apple-generic";
			};
			name = Release;
		};
		83CBBA201A601CBA00E9B192 /* Debug */ = {
			isa = XCBuildConfiguration;
			buildSettings = {
				ALWAYS_SEARCH_USER_PATHS = NO;
				CLANG_ANALYZER_LOCALIZABILITY_NONLOCALIZED = YES;
				CLANG_CXX_LANGUAGE_STANDARD = "gnu++0x";
				CLANG_CXX_LIBRARY = "libc++";
				CLANG_ENABLE_MODULES = YES;
				CLANG_ENABLE_OBJC_ARC = YES;
				CLANG_WARN_BLOCK_CAPTURE_AUTORELEASING = YES;
				CLANG_WARN_BOOL_CONVERSION = YES;
				CLANG_WARN_COMMA = YES;
				CLANG_WARN_CONSTANT_CONVERSION = YES;
				CLANG_WARN_DEPRECATED_OBJC_IMPLEMENTATIONS = YES;
				CLANG_WARN_DIRECT_OBJC_ISA_USAGE = YES_ERROR;
				CLANG_WARN_EMPTY_BODY = YES;
				CLANG_WARN_ENUM_CONVERSION = YES;
				CLANG_WARN_INFINITE_RECURSION = YES;
				CLANG_WARN_INT_CONVERSION = YES;
				CLANG_WARN_NON_LITERAL_NULL_CONVERSION = YES;
				CLANG_WARN_OBJC_IMPLICIT_RETAIN_SELF = YES;
				CLANG_WARN_OBJC_LITERAL_CONVERSION = YES;
				CLANG_WARN_OBJC_ROOT_CLASS = YES_ERROR;
				CLANG_WARN_QUOTED_INCLUDE_IN_FRAMEWORK_HEADER = YES;
				CLANG_WARN_RANGE_LOOP_ANALYSIS = YES;
				CLANG_WARN_STRICT_PROTOTYPES = YES;
				CLANG_WARN_SUSPICIOUS_MOVE = YES;
				CLANG_WARN_UNREACHABLE_CODE = YES;
				CLANG_WARN__DUPLICATE_METHOD_MATCH = YES;
				"CODE_SIGN_IDENTITY[sdk=iphoneos*]" = "iPhone Developer";
				COPY_PHASE_STRIP = NO;
				ENABLE_STRICT_OBJC_MSGSEND = YES;
				ENABLE_TESTABILITY = YES;
				"EXCLUDED_ARCHS[sdk=iphonesimulator*]" = "arm64 ";
				GCC_C_LANGUAGE_STANDARD = gnu99;
				GCC_DYNAMIC_NO_PIC = NO;
				GCC_NO_COMMON_BLOCKS = YES;
				GCC_OPTIMIZATION_LEVEL = 0;
				GCC_PREPROCESSOR_DEFINITIONS = (
					"DEBUG=1",
					"$(inherited)",
				);
				GCC_SYMBOLS_PRIVATE_EXTERN = NO;
				GCC_WARN_64_TO_32_BIT_CONVERSION = YES;
				GCC_WARN_ABOUT_RETURN_TYPE = YES_ERROR;
				GCC_WARN_UNDECLARED_SELECTOR = YES;
				GCC_WARN_UNINITIALIZED_AUTOS = YES_AGGRESSIVE;
				GCC_WARN_UNUSED_FUNCTION = YES;
				GCC_WARN_UNUSED_VARIABLE = YES;
				IPHONEOS_DEPLOYMENT_TARGET = 10.0;
				LD_RUNPATH_SEARCH_PATHS = (
					/usr/lib/swift,
					"$(inherited)",
				);
				LIBRARY_SEARCH_PATHS = (
					"\"$(TOOLCHAIN_DIR)/usr/lib/swift/$(PLATFORM_NAME)\"",
					"\"$(TOOLCHAIN_DIR)/usr/lib/swift-5.0/$(PLATFORM_NAME)\"",
					"\"$(inherited)\"",
				);
				MTL_ENABLE_DEBUG_INFO = YES;
				ONLY_ACTIVE_ARCH = YES;
				SDKROOT = iphoneos;
			};
			name = Debug;
		};
		83CBBA211A601CBA00E9B192 /* Release */ = {
			isa = XCBuildConfiguration;
			buildSettings = {
				ALWAYS_SEARCH_USER_PATHS = NO;
				CLANG_ANALYZER_LOCALIZABILITY_NONLOCALIZED = YES;
				CLANG_CXX_LANGUAGE_STANDARD = "gnu++0x";
				CLANG_CXX_LIBRARY = "libc++";
				CLANG_ENABLE_MODULES = YES;
				CLANG_ENABLE_OBJC_ARC = YES;
				CLANG_WARN_BLOCK_CAPTURE_AUTORELEASING = YES;
				CLANG_WARN_BOOL_CONVERSION = YES;
				CLANG_WARN_COMMA = YES;
				CLANG_WARN_CONSTANT_CONVERSION = YES;
				CLANG_WARN_DEPRECATED_OBJC_IMPLEMENTATIONS = YES;
				CLANG_WARN_DIRECT_OBJC_ISA_USAGE = YES_ERROR;
				CLANG_WARN_EMPTY_BODY = YES;
				CLANG_WARN_ENUM_CONVERSION = YES;
				CLANG_WARN_INFINITE_RECURSION = YES;
				CLANG_WARN_INT_CONVERSION = YES;
				CLANG_WARN_NON_LITERAL_NULL_CONVERSION = YES;
				CLANG_WARN_OBJC_IMPLICIT_RETAIN_SELF = YES;
				CLANG_WARN_OBJC_LITERAL_CONVERSION = YES;
				CLANG_WARN_OBJC_ROOT_CLASS = YES_ERROR;
				CLANG_WARN_QUOTED_INCLUDE_IN_FRAMEWORK_HEADER = YES;
				CLANG_WARN_RANGE_LOOP_ANALYSIS = YES;
				CLANG_WARN_STRICT_PROTOTYPES = YES;
				CLANG_WARN_SUSPICIOUS_MOVE = YES;
				CLANG_WARN_UNREACHABLE_CODE = YES;
				CLANG_WARN__DUPLICATE_METHOD_MATCH = YES;
				"CODE_SIGN_IDENTITY[sdk=iphoneos*]" = "iPhone Developer";
				COPY_PHASE_STRIP = YES;
				ENABLE_NS_ASSERTIONS = NO;
				ENABLE_STRICT_OBJC_MSGSEND = YES;
				"EXCLUDED_ARCHS[sdk=iphonesimulator*]" = "arm64 ";
				GCC_C_LANGUAGE_STANDARD = gnu99;
				GCC_NO_COMMON_BLOCKS = YES;
				GCC_WARN_64_TO_32_BIT_CONVERSION = YES;
				GCC_WARN_ABOUT_RETURN_TYPE = YES_ERROR;
				GCC_WARN_UNDECLARED_SELECTOR = YES;
				GCC_WARN_UNINITIALIZED_AUTOS = YES_AGGRESSIVE;
				GCC_WARN_UNUSED_FUNCTION = YES;
				GCC_WARN_UNUSED_VARIABLE = YES;
				IPHONEOS_DEPLOYMENT_TARGET = 10.0;
				LD_RUNPATH_SEARCH_PATHS = (
					/usr/lib/swift,
					"$(inherited)",
				);
				LIBRARY_SEARCH_PATHS = (
					"\"$(TOOLCHAIN_DIR)/usr/lib/swift/$(PLATFORM_NAME)\"",
					"\"$(TOOLCHAIN_DIR)/usr/lib/swift-5.0/$(PLATFORM_NAME)\"",
					"\"$(inherited)\"",
				);
				MTL_ENABLE_DEBUG_INFO = NO;
				SDKROOT = iphoneos;
				VALIDATE_PRODUCT = YES;
			};
			name = Release;
		};
/* End XCBuildConfiguration section */

/* Begin XCConfigurationList section */
		00E357021AD99517003FC87E /* Build configuration list for PBXNativeTarget "BreakingBadTests" */ = {
			isa = XCConfigurationList;
			buildConfigurations = (
				00E356F61AD99517003FC87E /* Debug */,
				00E356F71AD99517003FC87E /* Release */,
			);
			defaultConfigurationIsVisible = 0;
			defaultConfigurationName = Release;
		};
		13B07F931A680F5B00A75B9A /* Build configuration list for PBXNativeTarget "BreakingBad" */ = {
			isa = XCConfigurationList;
			buildConfigurations = (
				13B07F941A680F5B00A75B9A /* Debug */,
				13B07F951A680F5B00A75B9A /* Release */,
			);
			defaultConfigurationIsVisible = 0;
			defaultConfigurationName = Release;
		};
		83CBB9FA1A601CBA00E9B192 /* Build configuration list for PBXProject "BreakingBad" */ = {
			isa = XCConfigurationList;
			buildConfigurations = (
				83CBBA201A601CBA00E9B192 /* Debug */,
				83CBBA211A601CBA00E9B192 /* Release */,
			);
			defaultConfigurationIsVisible = 0;
			defaultConfigurationName = Release;
		};
/* End XCConfigurationList section */
	};
	rootObject = 83CBB9F71A601CBA00E9B192 /* Project object */;
}
